
Microsoft Visual Studio Solution File, Format Version 12.00
# Visual Studio Version 16
VisualStudioVersion = 16.0.32228.343
MinimumVisualStudioVersion = 10.0.40219.1
Project("{8BC9CEB8-8B4A-11D0-8D11-00A0C91BC942}") = "Курсовая", "Курсовая.vcxproj", "{98F59298-F39B-48A8-9FB7-D26D08980505}"
EndProject
Global
	GlobalSection(SolutionConfigurationPlatforms) = preSolution
		Debug|x64 = Debug|x64
		Debug|x86 = Debug|x86
		Release|x64 = Release|x64
		Release|x86 = Release|x86
	EndGlobalSection
	GlobalSection(ProjectConfigurationPlatforms) = postSolution
		{98F59298-F39B-48A8-9FB7-D26D08980505}.Debug|x64.ActiveCfg = Debug|x64
		{98F59298-F39B-48A8-9FB7-D26D08980505}.Debug|x64.Build.0 = Debug|x64
		{98F59298-F39B-48A8-9FB7-D26D08980505}.Debug|x86.ActiveCfg = Debug|Win32
		{98F59298-F39B-48A8-9FB7-D26D08980505}.Debug|x86.Build.0 = Debug|Win32
		{98F59298-F39B-48A8-9FB7-D26D08980505}.Release|x64.ActiveCfg = Release|x64
		{98F59298-F39B-48A8-9FB7-D26D08980505}.Release|x64.Build.0 = Release|x64
		{98F59298-F39B-48A8-9FB7-D26D08980505}.Release|x86.ActiveCfg = Release|Win32
		{98F59298-F39B-48A8-9FB7-D26D08980505}.Release|x86.Build.0 = Release|Win32
	EndGlobalSection
	GlobalSection(SolutionProperties) = preSolution
		HideSolutionNode = FALSE
	EndGlobalSection
	GlobalSection(ExtensibilityGlobals) = postSolution
		SolutionGuid = {EA414343-27D1-4D91-8A8B-F2F1FE8BA5A4}
	EndGlobalSection
EndGlobal
